{
  "name": "pollux-i18n",
  "version": "1.1.0",
  "lockfileVersion": 2,
  "requires": true,
  "packages": {
    "": {
      "name": "pollux-i18n",
      "version": "1.1.0",
      "license": "UNLICENSED",
      "dependencies": {
        "colors": "^1.4.0",
        "i18next": "^20.3.1",
        "i18next-fs-backend": "^1.1.1"
      }
    },
    "node_modules/@babel/runtime": {
      "version": "7.14.8",
      "resolved": "https://registry.npmjs.org/@babel/runtime/-/runtime-7.14.8.tgz",
      "integrity": "sha512-twj3L8Og5SaCRCErB4x4ajbvBIVV77CGeFglHpeg5WC5FF8TZzBWXtTJ4MqaD9QszLYTtr+IsaAL2rEUevb+eg==",
      "dependencies": {
        "regenerator-runtime": "^0.13.4"
      },
      "engines": {
        "node": ">=6.9.0"
      }
    },
    "node_modules/colors": {
      "version": "1.4.0",
      "resolved": "https://registry.npmjs.org/colors/-/colors-1.4.0.tgz",
      "integrity": "sha512-a+UqTh4kgZg/SlGvfbzDHpgRu7AAQOmmqRHJnxhRZICKFUT91brVhNNt58CMWU9PsBbv3PDCZUHbVxuDiH2mtA==",
      "engines": {
        "node": ">=0.1.90"
      }
    },
    "node_modules/i18next": {
      "version": "20.3.5",
      "resolved": "https://registry.npmjs.org/i18next/-/i18next-20.3.5.tgz",
      "integrity": "sha512-//MGeU6n4TencJmCgG+TCrpdgAD/NDEU/KfKQekYbJX6QV7sD/NjWQdVdBi+bkT0snegnSoB7QhjSeatrk3a0w==",
      "dependencies": {
        "@babel/runtime": "^7.12.0"
      }
    },
    "node_modules/i18next-fs-backend": {
      "version": "1.1.1",
      "resolved": "https://registry.npmjs.org/i18next-fs-backend/-/i18next-fs-backend-1.1.1.tgz",
      "integrity": "sha512-RFkfy10hNxJqc7MVAp5iAZq0Tum6msBCNebEe3OelOBvrROvzHUPaR8Qe10RQrOGokTm0W4vJGEJzruFkEt+hQ=="
    },
    "node_modules/regenerator-runtime": {
      "version": "0.13.9",
      "resolved": "https://registry.npmjs.org/regenerator-runtime/-/regenerator-runtime-0.13.9.tgz",
      "integrity": "sha512-p3VT+cOEgxFsRRA9X4lkI1E+k2/CtnKtU4gcxyaCUreilL/vqI6CdZ3wxVUx3UOUg+gnUOQQcRI7BmSI656MYA=="
    }
  },
  "dependencies": {
    "@babel/runtime": {
      "version": "7.14.8",
      "resolved": "https://registry.npmjs.org/@babel/runtime/-/runtime-7.14.8.tgz",
      "integrity": "sha512-twj3L8Og5SaCRCErB4x4ajbvBIVV77CGeFglHpeg5WC5FF8TZzBWXtTJ4MqaD9QszLYTtr+IsaAL2rEUevb+eg==",
      "requires": {
        "regenerator-runtime": "^0.13.4"
      }
    },
    "colors": {
      "version": "1.4.0",
      "resolved": "https://registry.npmjs.org/colors/-/colors-1.4.0.tgz",
      "integrity": "sha512-a+UqTh4kgZg/SlGvfbzDHpgRu7AAQOmmqRHJnxhRZICKFUT91brVhNNt58CMWU9PsBbv3PDCZUHbVxuDiH2mtA=="
    },
    "i18next": {
      "version": "20.3.5",
      "resolved": "https://registry.npmjs.org/i18next/-/i18next-20.3.5.tgz",
      "integrity": "sha512-//MGeU6n4TencJmCgG+TCrpdgAD/NDEU/KfKQekYbJX6QV7sD/NjWQdVdBi+bkT0snegnSoB7QhjSeatrk3a0w==",
      "requires": {
        "@babel/runtime": "^7.12.0"
      }
    },
    "i18next-fs-backend": {
      "version": "1.1.1",
      "resolved": "https://registry.npmjs.org/i18next-fs-backend/-/i18next-fs-backend-1.1.1.tgz",
      "integrity": "sha512-RFkfy10hNxJqc7MVAp5iAZq0Tum6msBCNebEe3OelOBvrROvzHUPaR8Qe10RQrOGokTm0W4vJGEJzruFkEt+hQ=="
    },
    "regenerator-runtime": {
      "version": "0.13.9",
      "resolved": "https://registry.npmjs.org/regenerator-runtime/-/regenerator-runtime-0.13.9.tgz",
      "integrity": "sha512-p3VT+cOEgxFsRRA9X4lkI1E+k2/CtnKtU4gcxyaCUreilL/vqI6CdZ3wxVUx3UOUg+gnUOQQcRI7BmSI656MYA=="
    }
  }
}
